Microsoft Visual Studio Solution File, Format Version 12.00
# Visual Studio Version 17
VisualStudioVersion = 17.0.31903.59
MinimumVisualStudioVersion = 10.0.40219.1
Project("{FAE04EC0-301F-11D3-BF4B-00C04F79EFBC}") = "Comments.Domain", "src/Comments.Domain/Comments.Domain.csproj", "{4E1FF79C-4A88-4741-90A8-56A7A28798B4}"
EndProject
Project("{FAE04EC0-301F-11D3-BF4B-00C04F79EFBC}") = "Comments.Application", "src/Comments.Application/Comments.Application.csproj", "{4BECC652-DDFB-44B4-B8BF-89C8D7FBF8F0}"
EndProject
Project("{FAE04EC0-301F-11D3-BF4B-00C04F79EFBC}") = "Comments.Api", "src/Comments.Api/Comments.Api.csproj", "{2C22403D-BC15-4E8B-9E49-107A4C4E8FA3}"
EndProject
Project("{FAE04EC0-301F-11D3-BF4B-00C04F79EFBC}") = "Comments.Infrastructure", "src/Comments.Infrastructure/Comments.Infrastructure.csproj", "{B8D78959-1DF1-4F3F-8AB3-B47A901CF7F0}"
EndProject
Project("{FAE04EC0-301F-11D3-BF4B-00C04F79EFBC}") = "Comments.Application.Tests", "src/Comments.Application.Tests/Comments.Application.Tests.csproj", "{E0D143D8-C1C6-4262-9EBB-6C768B83082C}"
EndProject
Project("{FAE04EC0-301F-11D3-BF4B-00C04F79EFBC}") = "Comments.Api.Tests", "src/Comments.Api.Tests/Comments.Api.Tests.csproj", "{51A945B8-EED9-4A45-9976-DDFE3EBFE29C}"
EndProject
Global
	GlobalSection(SolutionConfigurationPlatforms) = preSolution
		Debug|Any CPU = Debug|Any CPU
		Release|Any CPU = Release|Any CPU
	EndGlobalSection
	GlobalSection(ProjectConfigurationPlatforms) = postSolution
		{4E1FF79C-4A88-4741-90A8-56A7A28798B4}.Debug|Any CPU.ActiveCfg = Debug|Any CPU
		{4E1FF79C-4A88-4741-90A8-56A7A28798B4}.Debug|Any CPU.Build.0 = Debug|Any CPU
		{4E1FF79C-4A88-4741-90A8-56A7A28798B4}.Release|Any CPU.ActiveCfg = Release|Any CPU
		{4E1FF79C-4A88-4741-90A8-56A7A28798B4}.Release|Any CPU.Build.0 = Release|Any CPU
		{4BECC652-DDFB-44B4-B8BF-89C8D7FBF8F0}.Debug|Any CPU.ActiveCfg = Debug|Any CPU
		{4BECC652-DDFB-44B4-B8BF-89C8D7FBF8F0}.Debug|Any CPU.Build.0 = Debug|Any CPU
		{4BECC652-DDFB-44B4-B8BF-89C8D7FBF8F0}.Release|Any CPU.ActiveCfg = Release|Any CPU
		{4BECC652-DDFB-44B4-B8BF-89C8D7FBF8F0}.Release|Any CPU.Build.0 = Release|Any CPU
		{2C22403D-BC15-4E8B-9E49-107A4C4E8FA3}.Debug|Any CPU.ActiveCfg = Debug|Any CPU
		{2C22403D-BC15-4E8B-9E49-107A4C4E8FA3}.Debug|Any CPU.Build.0 = Debug|Any CPU
		{2C22403D-BC15-4E8B-9E49-107A4C4E8FA3}.Release|Any CPU.ActiveCfg = Release|Any CPU
		{2C22403D-BC15-4E8B-9E49-107A4C4E8FA3}.Release|Any CPU.Build.0 = Release|Any CPU
		{B8D78959-1DF1-4F3F-8AB3-B47A901CF7F0}.Debug|Any CPU.ActiveCfg = Debug|Any CPU
		{B8D78959-1DF1-4F3F-8AB3-B47A901CF7F0}.Debug|Any CPU.Build.0 = Debug|Any CPU
		{B8D78959-1DF1-4F3F-8AB3-B47A901CF7F0}.Release|Any CPU.ActiveCfg = Release|Any CPU
		{B8D78959-1DF1-4F3F-8AB3-B47A901CF7F0}.Release|Any CPU.Build.0 = Release|Any CPU
		{E0D143D8-C1C6-4262-9EBB-6C768B83082C}.Debug|Any CPU.ActiveCfg = Debug|Any CPU
		{E0D143D8-C1C6-4262-9EBB-6C768B83082C}.Debug|Any CPU.Build.0 = Debug|Any CPU
		{E0D143D8-C1C6-4262-9EBB-6C768B83082C}.Release|Any CPU.ActiveCfg = Release|Any CPU
		{E0D143D8-C1C6-4262-9EBB-6C768B83082C}.Release|Any CPU.Build.0 = Release|Any CPU
			{51A945B8-EED9-4A45-9976-DDFE3EBFE29C}.Debug|Any CPU.ActiveCfg = Debug|Any CPU
		{51A945B8-EED9-4A45-9976-DDFE3EBFE29C}.Debug|Any CPU.Build.0 = Debug|Any CPU
		{51A945B8-EED9-4A45-9976-DDFE3EBFE29C}.Release|Any CPU.ActiveCfg = Release|Any CPU
		{51A945B8-EED9-4A45-9976-DDFE3EBFE29C}.Release|Any CPU.Build.0 = Release|Any CPU
	EndGlobalSection
EndGlobal
